
Microsoft Visual Studio Solution File, Format Version 12.00
# Visual Studio Version 16
VisualStudioVersion = 16.0.30406.217
MinimumVisualStudioVersion = 10.0.40219.1
Project("{FAE04EC0-301F-11D3-BF4B-00C04F79EFBC}") = "DiplomadoMVC_Crud_HTML_Helps_NoTipados", "DiplomadoMVC_Crud_HTML_Helps_NoTipados\DiplomadoMVC_Crud_HTML_Helps_NoTipados.csproj", "{B3D86D39-AC54-4327-B785-06DE276FCFC8}"
EndProject
Global
	GlobalSection(SolutionConfigurationPlatforms) = preSolution
		Debug|Any CPU = Debug|Any CPU
		Release|Any CPU = Release|Any CPU
	EndGlobalSection
	GlobalSection(ProjectConfigurationPlatforms) = postSolution
		{B3D86D39-AC54-4327-B785-06DE276FCFC8}.Debug|Any CPU.ActiveCfg = Debug|Any CPU
		{B3D86D39-AC54-4327-B785-06DE276FCFC8}.Debug|Any CPU.Build.0 = Debug|Any CPU
		{B3D86D39-AC54-4327-B785-06DE276FCFC8}.Release|Any CPU.ActiveCfg = Release|Any CPU
		{B3D86D39-AC54-4327-B785-06DE276FCFC8}.Release|Any CPU.Build.0 = Release|Any CPU
	EndGlobalSection
	GlobalSection(SolutionProperties) = preSolution
		HideSolutionNode = FALSE
	EndGlobalSection
	GlobalSection(ExtensibilityGlobals) = postSolution
		SolutionGuid = {21A5753E-ABFF-487E-9FB4-D2DC958A8384}
	EndGlobalSection
EndGlobal
