
Microsoft Visual Studio Solution File, Format Version 12.00
# Visual Studio Version 16
VisualStudioVersion = 16.0.30406.217
MinimumVisualStudioVersion = 10.0.40219.1
Project("{FAE04EC0-301F-11D3-BF4B-00C04F79EFBC}") = "Diplomado_MVC_HTML_Helps_Persona", "Diplomado_MVC_HTML_Helps_Persona\Diplomado_MVC_HTML_Helps_Persona.csproj", "{9A3C81AB-C8C8-4E2E-B395-9327E1C33313}"
EndProject
Global
	GlobalSection(SolutionConfigurationPlatforms) = preSolution
		Debug|Any CPU = Debug|Any CPU
		Release|Any CPU = Release|Any CPU
	EndGlobalSection
	GlobalSection(ProjectConfigurationPlatforms) = postSolution
		{9A3C81AB-C8C8-4E2E-B395-9327E1C33313}.Debug|Any CPU.ActiveCfg = Debug|Any CPU
		{9A3C81AB-C8C8-4E2E-B395-9327E1C33313}.Debug|Any CPU.Build.0 = Debug|Any CPU
		{9A3C81AB-C8C8-4E2E-B395-9327E1C33313}.Release|Any CPU.ActiveCfg = Release|Any CPU
		{9A3C81AB-C8C8-4E2E-B395-9327E1C33313}.Release|Any CPU.Build.0 = Release|Any CPU
	EndGlobalSection
	GlobalSection(SolutionProperties) = preSolution
		HideSolutionNode = FALSE
	EndGlobalSection
	GlobalSection(ExtensibilityGlobals) = postSolution
		SolutionGuid = {5F614BE6-1469-4293-A9DE-8D9C4E380B1B}
	EndGlobalSection
EndGlobal
